
Microsoft Visual Studio Solution File, Format Version 12.00
# Visual Studio Version 16
VisualStudioVersion = 16.0.29613.14
MinimumVisualStudioVersion = 10.0.40219.1
Project("{FAE04EC0-301F-11D3-BF4B-00C04F79EFBC}") = "avl-tree", "avl-tree\avl-tree.csproj", "{C94CEDEF-AB06-46B3-BD16-6DC0CBBA031B}"
EndProject
Global
	GlobalSection(SolutionConfigurationPlatforms) = preSolution
		Debug|Any CPU = Debug|Any CPU
		Release|Any CPU = Release|Any CPU
	EndGlobalSection
	GlobalSection(ProjectConfigurationPlatforms) = postSolution
		{C94CEDEF-AB06-46B3-BD16-6DC0CBBA031B}.Debug|Any CPU.ActiveCfg = Debug|Any CPU
		{C94CEDEF-AB06-46B3-BD16-6DC0CBBA031B}.Debug|Any CPU.Build.0 = Debug|Any CPU
		{C94CEDEF-AB06-46B3-BD16-6DC0CBBA031B}.Release|Any CPU.ActiveCfg = Release|Any CPU
		{C94CEDEF-AB06-46B3-BD16-6DC0CBBA031B}.Release|Any CPU.Build.0 = Release|Any CPU
	EndGlobalSection
	GlobalSection(SolutionProperties) = preSolution
		HideSolutionNode = FALSE
	EndGlobalSection
	GlobalSection(ExtensibilityGlobals) = postSolution
		SolutionGuid = {A3D450B5-A275-4F91-83B3-85A0F0D3E73C}
	EndGlobalSection
EndGlobal
